<?xml version="1.0" encoding="utf-8"?>
<Project ToolsVersion="4.0" xmlns="http://schemas.microsoft.com/developer/msbuild/2003">
  <ItemGroup>
    <ClCompile Include="src\Dog\Engine.cpp" />
    <ClCompile Include="src\Dog\Events\Event.cpp" />
    <ClCompile Include="src\Dog\Input\input.cpp" />
    <ClCompile Include="src\Dog\Input\KeyboardController.cpp" />
    <ClCompile Include="src\Dog\Logger\Logger.cpp" />
    <ClCompile Include="src\main.cpp" />
    <ClCompile Include="src\PCH\pch.cpp" />
    <ClCompile Include="src\Dog\Assets\UUID\UUID.cpp" />
    <ClCompile Include="src\Dog\Assets\FileWatcher\FileWatcher.cpp" />
    <ClCompile Include="src\Dog\Assets\Assets.cpp" />
    <ClCompile Include="src\Dog\Networking\Networking.cpp" />
    <ClCompile Include="src\Dog\Networking\PacketHandler.cpp" />
    <ClCompile Include="src\Dog\Networking\PlayerManager.cpp" />
    <ClCompile Include="src\Dog\Events\Actions.cpp" />
    <ClCompile Include="Dependencies\imgui\backends\imgui_impl_glfw.cpp" />
    <ClCompile Include="Dependencies\imgui\backends\imgui_impl_opengl3.cpp" />
    <ClCompile Include="Dependencies\imgui\backends\imgui_impl_vulkan.cpp" />
    <ClCompile Include="Dependencies\imgui\GraphEditor.cpp" />
    <ClCompile Include="Dependencies\imgui\ImCurveEdit.cpp" />
    <ClCompile Include="Dependencies\imgui\ImGradient.cpp" />
    <ClCompile Include="Dependencies\imgui\imgui.cpp" />
    <ClCompile Include="Dependencies\imgui\imgui_demo.cpp" />
    <ClCompile Include="Dependencies\imgui\imgui_draw.cpp" />
    <ClCompile Include="Dependencies\imgui\imgui_stdlib.cpp" />
    <ClCompile Include="Dependencies\imgui\imgui_tables.cpp" />
    <ClCompile Include="Dependencies\imgui\imgui_widgets.cpp" />
    <ClCompile Include="Dependencies\imgui\ImGuizmo.cpp" />
    <ClCompile Include="Dependencies\imgui\ImSequencer.cpp" />
    <ClCompile Include="src\Dog\Events\ActionManager.cpp" />
    <ClCompile Include="src\Dog\ECS\Systems\ISystem.cpp" />
    <ClCompile Include="src\Dog\Utils\Utils.cpp" />
    <ClCompile Include="src\Dog\ECS\ECS.cpp" />
    <ClCompile Include="src\Dog\ECS\Systems\TestSystem.cpp" />
    <ClCompile Include="Dependencies\vk-bootstrap\src\VkBootstrap.cpp" />
    <ClCompile Include="src\Dog\ECS\Systems\RenderSystem.cpp" />
    <ClCompile Include="src\Dog\ECS\Resources\RenderingResource.cpp" />
    <ClCompile Include="src\Dog\ECS\Resources\WindowResource.cpp" />
    <ClCompile Include="src\Dog\Graphics\Window\FrameRate.cpp" />
    <ClCompile Include="src\Dog\Graphics\Window\Window.cpp" />
    <ClCompile Include="src\Dog\Graphics\Vulkan\Core\Device.cpp" />
    <ClCompile Include="src\Dog\Graphics\Vulkan\Renderer.cpp" />
    <ClCompile Include="src\Dog\Graphics\Vulkan\Pipeline\Shader.cpp" />
    <ClCompile Include="src\Dog\Graphics\Vulkan\Pipeline\Pipeline.cpp" />
    <ClCompile Include="src\Dog\Graphics\Vulkan\Model\Mesh.cpp" />
    <ClCompile Include="src\Dog\Graphics\Vulkan\Buffers\Buffer.cpp" />
    <ClCompile Include="src\Dog\Graphics\Vulkan\Core\Allocator.cpp" />
    <ClCompile Include="src\Dog\Graphics\Vulkan\Core\SwapChain.cpp" />
    <ClCompile Include="src\Dog\Graphics\Vulkan\Core\Synchronization.cpp" />
    <ClCompile Include="src\Dog\Graphics\Vulkan\RenderGraph.cpp" />
    <ClCompile Include="src\Dog\Graphics\Vulkan\RenderPass\PresentPass.cpp" />
  </ItemGroup>
  <ItemGroup>
    <ClInclude Include="src\Dog\Engine.h" />
    <ClInclude Include="src\Dog\Events\Event.h" />
    <ClInclude Include="src\Dog\Input\input.h" />
    <ClInclude Include="src\Dog\Input\inputMap.h" />
    <ClInclude Include="src\Dog\Input\KeyboardController.h" />
    <ClInclude Include="src\Dog\Logger\Logger.h" />
    <ClInclude Include="src\PCH\pch.h" />
    <ClInclude Include="src\Dog\Assets\UUID\UUID.h" />
    <ClInclude Include="src\Dog\Assets\FileWatcher\FileWatcher.h" />
    <ClInclude Include="src\Dog\Assets\Assets.h" />
    <ClInclude Include="src\Dog\Networking\Networking.h" />
    <ClInclude Include="src\Dog\Networking\PacketHandler.h" />
    <ClInclude Include="src\Dog\Networking\PlayerManager.h" />
    <ClInclude Include="src\Dog\Events\Actions.h" />
    <ClInclude Include="Dependencies\imgui\backends\imgui_impl_glfw.h" />
    <ClInclude Include="Dependencies\imgui\backends\imgui_impl_opengl3.h" />
    <ClInclude Include="Dependencies\imgui\backends\imgui_impl_opengl3_loader.h" />
    <ClInclude Include="Dependencies\imgui\backends\imgui_impl_vulkan.h" />
    <ClInclude Include="Dependencies\imgui\GraphEditor.h" />
    <ClInclude Include="Dependencies\imgui\imconfig.h" />
    <ClInclude Include="Dependencies\imgui\ImCurveEdit.h" />
    <ClInclude Include="Dependencies\imgui\ImGradient.h" />
    <ClInclude Include="Dependencies\imgui\imgui.h" />
    <ClInclude Include="Dependencies\imgui\imgui_internal.h" />
    <ClInclude Include="Dependencies\imgui\imgui_stdlib.h" />
    <ClInclude Include="Dependencies\imgui\ImGuizmo.h" />
    <ClInclude Include="Dependencies\imgui\ImSequencer.h" />
    <ClInclude Include="Dependencies\imgui\imstb_rectpack.h" />
    <ClInclude Include="Dependencies\imgui\imstb_textedit.h" />
    <ClInclude Include="Dependencies\imgui\imstb_truetype.h" />
    <ClInclude Include="Dependencies\imgui\ImZoomSlider.h" />
    <ClInclude Include="src\Dog\Events\ActionManager.h" />
    <ClInclude Include="src\Dog\Input\ultralightKeyMap.h" />
    <ClInclude Include="src\Dog\ECS\Systems\ISystem.h" />
    <ClInclude Include="src\Dog\Utils\Utils.h" />
    <ClInclude Include="src\Dog\ECS\ECS.h" />
    <ClInclude Include="src\Dog\ECS\Systems\TestSystem.h" />
    <ClInclude Include="src\Dog\ECS\Systems\RenderSystem.h" />
    <ClInclude Include="src\Dog\ECS\Resources\RenderingResource.h" />
    <ClInclude Include="src\Dog\ECS\Resources\WindowResource.h" />
    <ClInclude Include="src\Dog\ECS\Resources\IResource.h" />
    <ClInclude Include="src\Dog\Graphics\Window\FrameRate.h" />
    <ClInclude Include="src\Dog\Graphics\Window\Window.h" />
    <ClInclude Include="src\Dog\Graphics\Vulkan\Core\Device.h" />
    <ClInclude Include="src\Dog\Graphics\Vulkan\Renderer.h" />
    <ClInclude Include="src\Dog\Graphics\Vulkan\Pipeline\Shader.h" />
    <ClInclude Include="src\Dog\Graphics\Vulkan\Pipeline\Pipeline.h" />
    <ClInclude Include="src\Dog\Graphics\Vulkan\Model\Mesh.h" />
    <ClInclude Include="src\Dog\Graphics\Vulkan\Buffers\Buffer.h" />
    <ClInclude Include="src\Dog\Graphics\Vulkan\Core\Allocator.h" />
    <ClInclude Include="src\Dog\Graphics\Vulkan\Core\SwapChain.h" />
    <ClInclude Include="src\Dog\Graphics\Vulkan\Core\Synchronization.h" />
    <ClInclude Include="src\Dog\Graphics\Vulkan\RenderGraph.h" />
    <ClInclude Include="src\Dog\Graphics\Vulkan\RenderPass\PresentPass.h" />
  </ItemGroup>
</Project>