<?xml version="1.0" encoding="utf-8"?>
<Project ToolsVersion="4.0" xmlns="http://schemas.microsoft.com/developer/msbuild/2003">
  <ItemGroup>
    <ClCompile Include="src\Dog\Graphics\Vulkan\Animation\Animation.cpp" />
    <ClCompile Include="src\Dog\Graphics\Vulkan\Animation\Animator.cpp" />
    <ClCompile Include="src\Dog\Graphics\Editor\Windows\AssetsWindow.cpp" />
    <ClCompile Include="src\Dog\Graphics\Vulkan\Models\assimpGlmHelper.cpp" />
    <ClCompile Include="src\Dog\Graphics\Vulkan\Animation\Bone.cpp" />
    <ClCompile Include="src\Dog\Graphics\Vulkan\Buffers\Buffer.cpp" />
    <ClCompile Include="src\Dog\Core\Scene\Entity\Components.cpp" />
    <ClCompile Include="src\Dog\Core\Scene\Serializer\Conversions.cpp" />
    <ClCompile Include="src\Dog\Graphics\Vulkan\Descriptors\Descriptors.cpp" />
    <ClCompile Include="src\Dog\Graphics\Vulkan\Core\Device.cpp" />
    <ClCompile Include="src\Dog\Graphics\Editor\Editor.cpp" />
    <ClCompile Include="src\Dog\Engine.cpp" />
    <ClCompile Include="src\Dog\Graphics\Editor\Windows\EntitiesWindow.cpp" />
    <ClCompile Include="src\Dog\Core\Scene\Entity\Entity.cpp" />
    <ClCompile Include="src\Dog\Events\Event.cpp" />
    <ClCompile Include="src\Dog\Graphics\Vulkan\Models\Serialization\FileHash.cpp" />
    <ClCompile Include="src\Dog\Graphics\Vulkan\Font\Font.cpp" />
    <ClCompile Include="src\Dog\Graphics\Vulkan\Font\FontLibrary.cpp" />
    <ClCompile Include="src\Dog\Graphics\Vulkan\Window\FrameRate.cpp" />
    <ClCompile Include="src\Dog\Graphics\Vulkan\Texture\ImGuiTexture.cpp" />
    <ClCompile Include="src\Dog\Input\input.cpp" />
    <ClCompile Include="src\Dog\Graphics\Editor\Windows\InspectorWindow.cpp" />
    <ClCompile Include="src\Dog\Input\KeyboardController.cpp" />
    <ClCompile Include="src\Dog\Logger\Logger.cpp" />
    <ClCompile Include="src\main.cpp" />
    <ClCompile Include="src\Dog\Graphics\Vulkan\Models\Mesh.cpp" />
    <ClCompile Include="src\Dog\Graphics\Vulkan\Models\Model.cpp" />
    <ClCompile Include="src\Dog\Graphics\Vulkan\Models\ModelLibrary.cpp" />
    <ClCompile Include="src\Dog\Graphics\Vulkan\Models\Serialization\ModelSerializer.cpp" />
    <ClCompile Include="src\PCH\pch.cpp" />
    <ClCompile Include="src\Dog\Graphics\Vulkan\Pipeline\Pipeline.cpp" />
    <ClCompile Include="src\Dog\Graphics\Vulkan\Renderer.cpp" />
    <ClCompile Include="src\Dog\Core\Scene\Scene.cpp" />
    <ClCompile Include="src\Dog\Core\Scene\SceneManager.cpp" />
    <ClCompile Include="src\Dog\Core\Scene\Serializer\SceneSerializer.cpp" />
    <ClCompile Include="src\Dog\Graphics\Vulkan\Pipeline\Shader.cpp" />
    <ClCompile Include="src\Dog\Graphics\Vulkan\Systems\IndirectRenderer.cpp" />
    <ClCompile Include="src\Dog\Graphics\Vulkan\Core\SwapChain.cpp" />
    <ClCompile Include="src\Dog\Graphics\Vulkan\Texture\Texture.cpp" />
    <ClCompile Include="src\Dog\Graphics\Vulkan\Texture\TextureLibrary.cpp" />
    <ClCompile Include="src\Dog\Graphics\Vulkan\Models\UnifiedMeshes.cpp" />
    <ClCompile Include="src\Dog\Assets\UUID\UUID.cpp" />
    <ClCompile Include="src\Dog\Graphics\Vulkan\Window\Window.cpp" />
    <ClCompile Include="src\Dog\Assets\FileWatcher\FileWatcher.cpp" />
    <ClCompile Include="src\Dog\Assets\Assets.cpp" />
    <ClCompile Include="src\Dog\Graphics\Vulkan\Uniform\Uniform.cpp" />
    <ClCompile Include="src\Dog\Graphics\Vulkan\Uniform\UniformData.cpp" />
    <ClCompile Include="src\Dog\Graphics\Vulkan\Uniform\UniformSettings.cpp" />
    <ClCompile Include="src\Dog\Graphics\Vulkan\Systems\InstanceData.cpp" />
    <ClCompile Include="src\Dog\Networking\Networking.cpp" />
    <ClCompile Include="src\Dog\Graphics\Editor\Windows\ChatWindow.cpp" />
    <ClCompile Include="src\Dog\Networking\PacketHandler.cpp" />
    <ClCompile Include="src\Dog\Networking\PlayerManager.cpp" />
    <ClCompile Include="src\Dog\Events\Actions.cpp" />
    <ClCompile Include="Dependencies\imgui\backends\imgui_impl_glfw.cpp" />
    <ClCompile Include="Dependencies\imgui\backends\imgui_impl_opengl3.cpp" />
    <ClCompile Include="Dependencies\imgui\backends\imgui_impl_vulkan.cpp" />
    <ClCompile Include="Dependencies\imgui\GraphEditor.cpp" />
    <ClCompile Include="Dependencies\imgui\ImCurveEdit.cpp" />
    <ClCompile Include="Dependencies\imgui\ImGradient.cpp" />
    <ClCompile Include="Dependencies\imgui\imgui.cpp" />
    <ClCompile Include="Dependencies\imgui\imgui_demo.cpp" />
    <ClCompile Include="Dependencies\imgui\imgui_draw.cpp" />
    <ClCompile Include="Dependencies\imgui\imgui_stdlib.cpp" />
    <ClCompile Include="Dependencies\imgui\imgui_tables.cpp" />
    <ClCompile Include="Dependencies\imgui\imgui_widgets.cpp" />
    <ClCompile Include="Dependencies\imgui\ImGuizmo.cpp" />
    <ClCompile Include="Dependencies\imgui\ImSequencer.cpp" />
    <ClCompile Include="src\Dog\Events\ActionManager.cpp" />
    <ClCompile Include="src\Dog\Graphics\Editor\TextEditor\TextEditor.cpp" />
    <ClCompile Include="src\Dog\Core\ISystem.cpp" />
    <ClCompile Include="src\Dog\Core\Core.cpp" />
    <ClCompile Include="src\Dog\Core\ECS.cpp" />
    <ClCompile Include="src\Dog\Systems\TestSystem.cpp" />
  </ItemGroup>
  <ItemGroup>
    <ClInclude Include="src\Dog\Graphics\Vulkan\Animation\Animation.h" />
    <ClInclude Include="src\Dog\Graphics\Vulkan\Animation\Animator.h" />
    <ClInclude Include="src\Dog\Graphics\Editor\Windows\AssetsWindow.h" />
    <ClInclude Include="src\Dog\Graphics\Vulkan\Models\assimpGlmHelper.h" />
    <ClInclude Include="src\Dog\Graphics\Vulkan\Animation\Bone.h" />
    <ClInclude Include="src\Dog\Graphics\Vulkan\Buffers\Buffer.h" />
    <ClInclude Include="src\Dog\Core\Scene\Entity\Components.h" />
    <ClInclude Include="src\Dog\Core\Scene\Serializer\Conversions.h" />
    <ClInclude Include="src\Dog\Graphics\Vulkan\Descriptors\Descriptors.h" />
    <ClInclude Include="src\Dog\Graphics\Vulkan\Core\Device.h" />
    <ClInclude Include="src\Dog\Graphics\Editor\Editor.h" />
    <ClInclude Include="src\Dog\Engine.h" />
    <ClInclude Include="src\Dog\Graphics\Editor\Windows\EntitiesWindow.h" />
    <ClInclude Include="src\Dog\Core\Scene\Entity\Entity.h" />
    <ClInclude Include="src\Dog\Events\Event.h" />
    <ClInclude Include="src\Dog\Graphics\Vulkan\Models\Serialization\FileHash.hpp" />
    <ClInclude Include="src\Dog\Graphics\Vulkan\Font\Font.h" />
    <ClInclude Include="src\Dog\Graphics\Vulkan\Font\FontLibrary.h" />
    <ClInclude Include="src\Dog\Graphics\Vulkan\FrameInfo.h" />
    <ClInclude Include="src\Dog\Graphics\Vulkan\Window\FrameRate.h" />
    <ClInclude Include="src\Dog\Graphics\Vulkan\Texture\ImGuiTexture.h" />
    <ClInclude Include="src\Dog\Input\input.h" />
    <ClInclude Include="src\Dog\Input\inputMap.h" />
    <ClInclude Include="src\Dog\Graphics\Editor\Windows\InspectorWindow.h" />
    <ClInclude Include="src\Dog\Input\KeyboardController.h" />
    <ClInclude Include="src\Dog\Logger\Logger.h" />
    <ClInclude Include="src\Dog\Graphics\Vulkan\Models\Mesh.h" />
    <ClInclude Include="src\Dog\Graphics\Vulkan\Models\Model.h" />
    <ClInclude Include="src\Dog\Graphics\Vulkan\Models\ModelLibrary.h" />
    <ClInclude Include="src\Dog\Graphics\Vulkan\Models\Serialization\ModelSerializer.hpp" />
    <ClInclude Include="src\PCH\pch.h" />
    <ClInclude Include="src\Dog\Graphics\Vulkan\Pipeline\Pipeline.h" />
    <ClInclude Include="src\Dog\Graphics\Vulkan\Renderer.h" />
    <ClInclude Include="src\Dog\Core\Scene\Scene.h" />
    <ClInclude Include="src\Dog\Core\Scene\SceneManager.h" />
    <ClInclude Include="src\Dog\Core\Scene\Serializer\SceneSerializer.h" />
    <ClInclude Include="src\Dog\Graphics\Vulkan\Pipeline\Shader.h" />
    <ClInclude Include="src\Dog\Graphics\Vulkan\Systems\IndirectRenderer.h" />
    <ClInclude Include="src\Dog\Graphics\Vulkan\Core\SwapChain.h" />
    <ClInclude Include="src\Dog\Graphics\Vulkan\Texture\Texture.h" />
    <ClInclude Include="src\Dog\Graphics\Vulkan\Texture\TextureLibrary.h" />
    <ClInclude Include="src\Dog\Graphics\Vulkan\Models\UnifiedMeshes.h" />
    <ClInclude Include="src\Dog\Assets\UUID\UUID.h" />
    <ClInclude Include="src\Dog\Graphics\Vulkan\Window\Window.h" />
    <ClInclude Include="src\Dog\Assets\FileWatcher\FileWatcher.h" />
    <ClInclude Include="src\Dog\Assets\Assets.h" />
    <ClInclude Include="src\Dog\Graphics\Vulkan\Uniform\Uniform.h" />
    <ClInclude Include="src\Dog\Graphics\Vulkan\Uniform\UniformData.h" />
    <ClInclude Include="src\Dog\Graphics\Vulkan\Uniform\UniformSettings.h" />
    <ClInclude Include="src\Dog\Graphics\Vulkan\Systems\InstanceData.h" />
    <ClInclude Include="src\Dog\Networking\Networking.h" />
    <ClInclude Include="src\Dog\Graphics\Editor\Windows\ChatWindow.h" />
    <ClInclude Include="src\Dog\Networking\PacketHandler.h" />
    <ClInclude Include="src\Dog\Networking\PlayerManager.h" />
    <ClInclude Include="src\Dog\Events\Actions.h" />
    <ClInclude Include="Dependencies\imgui\backends\imgui_impl_glfw.h" />
    <ClInclude Include="Dependencies\imgui\backends\imgui_impl_opengl3.h" />
    <ClInclude Include="Dependencies\imgui\backends\imgui_impl_opengl3_loader.h" />
    <ClInclude Include="Dependencies\imgui\backends\imgui_impl_vulkan.h" />
    <ClInclude Include="Dependencies\imgui\GraphEditor.h" />
    <ClInclude Include="Dependencies\imgui\imconfig.h" />
    <ClInclude Include="Dependencies\imgui\ImCurveEdit.h" />
    <ClInclude Include="Dependencies\imgui\ImGradient.h" />
    <ClInclude Include="Dependencies\imgui\imgui.h" />
    <ClInclude Include="Dependencies\imgui\imgui_internal.h" />
    <ClInclude Include="Dependencies\imgui\imgui_stdlib.h" />
    <ClInclude Include="Dependencies\imgui\ImGuizmo.h" />
    <ClInclude Include="Dependencies\imgui\ImSequencer.h" />
    <ClInclude Include="Dependencies\imgui\imstb_rectpack.h" />
    <ClInclude Include="Dependencies\imgui\imstb_textedit.h" />
    <ClInclude Include="Dependencies\imgui\imstb_truetype.h" />
    <ClInclude Include="Dependencies\imgui\ImZoomSlider.h" />
    <ClInclude Include="src\Dog\Events\ActionManager.h" />
    <ClInclude Include="src\Dog\Graphics\Editor\TextEditor\TextEditor.h" />
    <ClInclude Include="src\Dog\Input\ultralightKeyMap.h" />
    <ClInclude Include="src\Dog\Core\ISystem.h" />
    <ClInclude Include="src\Dog\Core\Core.h" />
    <ClInclude Include="src\Dog\Core\ECS.h" />
    <ClInclude Include="src\Dog\Systems\TestSystem.h" />
  </ItemGroup>
  <ItemGroup>
    <None Include="src\Dog\Graphics\Vulkan\Models\Serialization\ModelFileFormat.md" />
    <None Include="src\Dog\Graphics\Vulkan\Uniform\Uniform.inl" />
  </ItemGroup>
</Project>